
Microsoft Visual Studio Solution File, Format Version 12.00
# Visual Studio Version 16
VisualStudioVersion = 16.0.29230.47
MinimumVisualStudioVersion = 10.0.40219.1
Project("{FAE04EC0-301F-11D3-BF4B-00C04F79EFBC}") = "LeastSquares", "LeastSquares\LeastSquares.csproj", "{1EE62324-94AA-4E27-A394-33B68FA7C899}"
EndProject
Global
	GlobalSection(SolutionConfigurationPlatforms) = preSolution
		Debug|Any CPU = Debug|Any CPU
		Release|Any CPU = Release|Any CPU
	EndGlobalSection
	GlobalSection(ProjectConfigurationPlatforms) = postSolution
		{1EE62324-94AA-4E27-A394-33B68FA7C899}.Debug|Any CPU.ActiveCfg = Debug|Any CPU
		{1EE62324-94AA-4E27-A394-33B68FA7C899}.Debug|Any CPU.Build.0 = Debug|Any CPU
		{1EE62324-94AA-4E27-A394-33B68FA7C899}.Release|Any CPU.ActiveCfg = Release|Any CPU
		{1EE62324-94AA-4E27-A394-33B68FA7C899}.Release|Any CPU.Build.0 = Release|Any CPU
	EndGlobalSection
	GlobalSection(SolutionProperties) = preSolution
		HideSolutionNode = FALSE
	EndGlobalSection
	GlobalSection(ExtensibilityGlobals) = postSolution
		SolutionGuid = {AC494C2D-34A0-4DFF-937D-8917F5946F1C}
	EndGlobalSection
EndGlobal
